// !$*UTF8*$!
{
	archiveVersion = 1;
	classes = {
	};
	objectVersion = 50;
	objects = {

/* Begin PBXBuildFile section */
		92129213230B0E1B000C0921 /* TableHeaderView.swift in Sources */ = {isa = PBXBuildFile; fileRef = 92129212230B0E1B000C0921 /* TableHeaderView.swift */; };
		924F6D7F2304696400ADAD7A /* AppDelegate.swift in Sources */ = {isa = PBXBuildFile; fileRef = 924F6D7E2304696400ADAD7A /* AppDelegate.swift */; };
		924F6D812304696400ADAD7A /* MainViewController.swift in Sources */ = {isa = PBXBuildFile; fileRef = 924F6D802304696400ADAD7A /* MainViewController.swift */; };
		924F6D842304696400ADAD7A /* Main.storyboard in Resources */ = {isa = PBXBuildFile; fileRef = 924F6D822304696400ADAD7A /* Main.storyboard */; };
		924F6D862304696900ADAD7A /* Assets.xcassets in Resources */ = {isa = PBXBuildFile; fileRef = 924F6D852304696900ADAD7A /* Assets.xcassets */; };
		924F6D892304696900ADAD7A /* LaunchScreen.storyboard in Resources */ = {isa = PBXBuildFile; fileRef = 924F6D872304696900ADAD7A /* LaunchScreen.storyboard */; };
		924F6D9123046AE300ADAD7A /* SlideView.swift in Sources */ = {isa = PBXBuildFile; fileRef = 924F6D9023046AE300ADAD7A /* SlideView.swift */; };
		925033B52306D3C900DCBC6E /* MainView.swift in Sources */ = {isa = PBXBuildFile; fileRef = 925033B42306D3C900DCBC6E /* MainView.swift */; };
		9283DC2B23093CFA000475D4 /* OperationsContainerView.swift in Sources */ = {isa = PBXBuildFile; fileRef = 9283DC2A23093CFA000475D4 /* OperationsContainerView.swift */; };
		928C515E2306F4B800F7F560 /* ButtonsContainerView.swift in Sources */ = {isa = PBXBuildFile; fileRef = 928C515D2306F4B800F7F560 /* ButtonsContainerView.swift */; };
		928C516223082DEE00F7F560 /* DataProvider.swift in Sources */ = {isa = PBXBuildFile; fileRef = 928C516123082DEE00F7F560 /* DataProvider.swift */; };
		928C51662308364200F7F560 /* OperationCell.swift in Sources */ = {isa = PBXBuildFile; fileRef = 928C51652308364200F7F560 /* OperationCell.swift */; };
		928C516823086C5400F7F560 /* MessageView.swift in Sources */ = {isa = PBXBuildFile; fileRef = 928C516723086C5400F7F560 /* MessageView.swift */; };
		92D995D82305DB4D009C6006 /* SliderManager.swift in Sources */ = {isa = PBXBuildFile; fileRef = 92D995D72305DB4D009C6006 /* SliderManager.swift */; };
/* End PBXBuildFile section */

/* Begin PBXFileReference section */
		92129212230B0E1B000C0921 /* TableHeaderView.swift */ = {isa = PBXFileReference; lastKnownFileType = sourcecode.swift; path = TableHeaderView.swift; sourceTree = "<group>"; };
		924F6D7B2304696400ADAD7A /* BankTest.app */ = {isa = PBXFileReference; explicitFileType = wrapper.application; includeInIndex = 0; path = BankTest.app; sourceTree = BUILT_PRODUCTS_DIR; };
		924F6D7E2304696400ADAD7A /* AppDelegate.swift */ = {isa = PBXFileReference; lastKnownFileType = sourcecode.swift; path = AppDelegate.swift; sourceTree = "<group>"; };
		924F6D802304696400ADAD7A /* MainViewController.swift */ = {isa = PBXFileReference; lastKnownFileType = sourcecode.swift; path = MainViewController.swift; sourceTree = "<group>"; };
		924F6D832304696400ADAD7A /* Base */ = {isa = PBXFileReference; lastKnownFileType = file.storyboard; name = Base; path = Base.lproj/Main.storyboard; sourceTree = "<group>"; };
		924F6D852304696900ADAD7A /* Assets.xcassets */ = {isa = PBXFileReference; lastKnownFileType = folder.assetcatalog; path = Assets.xcassets; sourceTree = "<group>"; };
		924F6D882304696900ADAD7A /* Base */ = {isa = PBXFileReference; lastKnownFileType = file.storyboard; name = Base; path = Base.lproj/LaunchScreen.storyboard; sourceTree = "<group>"; };
		924F6D8A2304696900ADAD7A /* Info.plist */ = {isa = PBXFileReference; lastKnownFileType = text.plist.xml; path = Info.plist; sourceTree = "<group>"; };
		924F6D9023046AE300ADAD7A /* SlideView.swift */ = {isa = PBXFileReference; lastKnownFileType = sourcecode.swift; path = SlideView.swift; sourceTree = "<group>"; };
		925033B42306D3C900DCBC6E /* MainView.swift */ = {isa = PBXFileReference; lastKnownFileType = sourcecode.swift; path = MainView.swift; sourceTree = "<group>"; };
		9283DC2A23093CFA000475D4 /* OperationsContainerView.swift */ = {isa = PBXFileReference; lastKnownFileType = sourcecode.swift; path = OperationsContainerView.swift; sourceTree = "<group>"; };
		928C515D2306F4B800F7F560 /* ButtonsContainerView.swift */ = {isa = PBXFileReference; lastKnownFileType = sourcecode.swift; path = ButtonsContainerView.swift; sourceTree = "<group>"; };
		928C516123082DEE00F7F560 /* DataProvider.swift */ = {isa = PBXFileReference; lastKnownFileType = sourcecode.swift; path = DataProvider.swift; sourceTree = "<group>"; };
		928C51652308364200F7F560 /* OperationCell.swift */ = {isa = PBXFileReference; lastKnownFileType = sourcecode.swift; path = OperationCell.swift; sourceTree = "<group>"; };
		928C516723086C5400F7F560 /* MessageView.swift */ = {isa = PBXFileReference; lastKnownFileType = sourcecode.swift; path = MessageView.swift; sourceTree = "<group>"; };
		92D995D72305DB4D009C6006 /* SliderManager.swift */ = {isa = PBXFileReference; lastKnownFileType = sourcecode.swift; path = SliderManager.swift; sourceTree = "<group>"; };
/* End PBXFileReference section */

/* Begin PBXFrameworksBuildPhase section */
		924F6D782304696400ADAD7A /* Frameworks */ = {
			isa = PBXFrameworksBuildPhase;
			buildActionMask = 2147483647;
			files = (
			);
			runOnlyForDeploymentPostprocessing = 0;
		};
/* End PBXFrameworksBuildPhase section */

/* Begin PBXGroup section */
		92129211230AE486000C0921 /* Managers */ = {
			isa = PBXGroup;
			children = (
				92D995D72305DB4D009C6006 /* SliderManager.swift */,
			);
			path = Managers;
			sourceTree = "<group>";
		};
		924F6D722304696400ADAD7A = {
			isa = PBXGroup;
			children = (
				924F6D7D2304696400ADAD7A /* BankTest */,
				924F6D7C2304696400ADAD7A /* Products */,
			);
			sourceTree = "<group>";
		};
		924F6D7C2304696400ADAD7A /* Products */ = {
			isa = PBXGroup;
			children = (
				924F6D7B2304696400ADAD7A /* BankTest.app */,
			);
			name = Products;
			sourceTree = "<group>";
		};
		924F6D7D2304696400ADAD7A /* BankTest */ = {
			isa = PBXGroup;
			children = (
				924F6D7E2304696400ADAD7A /* AppDelegate.swift */,
				92129211230AE486000C0921 /* Managers */,
				928C516023082DBD00F7F560 /* Controller */,
				928C515F23082D6C00F7F560 /* View */,
				924F6D822304696400ADAD7A /* Main.storyboard */,
				924F6D852304696900ADAD7A /* Assets.xcassets */,
				924F6D872304696900ADAD7A /* LaunchScreen.storyboard */,
				924F6D8A2304696900ADAD7A /* Info.plist */,
			);
			path = BankTest;
			sourceTree = "<group>";
		};
		928C515F23082D6C00F7F560 /* View */ = {
			isa = PBXGroup;
			children = (
				925033B42306D3C900DCBC6E /* MainView.swift */,
				9283DC2A23093CFA000475D4 /* OperationsContainerView.swift */,
				924F6D9023046AE300ADAD7A /* SlideView.swift */,
				928C515D2306F4B800F7F560 /* ButtonsContainerView.swift */,
				928C51652308364200F7F560 /* OperationCell.swift */,
				928C516723086C5400F7F560 /* MessageView.swift */,
				92129212230B0E1B000C0921 /* TableHeaderView.swift */,
			);
			path = View;
			sourceTree = "<group>";
		};
		928C516023082DBD00F7F560 /* Controller */ = {
			isa = PBXGroup;
			children = (
				924F6D802304696400ADAD7A /* MainViewController.swift */,
				928C516123082DEE00F7F560 /* DataProvider.swift */,
			);
			path = Controller;
			sourceTree = "<group>";
		};
/* End PBXGroup section */

/* Begin PBXNativeTarget section */
		924F6D7A2304696400ADAD7A /* BankTest */ = {
			isa = PBXNativeTarget;
			buildConfigurationList = 924F6D8D2304696900ADAD7A /* Build configuration list for PBXNativeTarget "BankTest" */;
			buildPhases = (
				924F6D772304696400ADAD7A /* Sources */,
				924F6D782304696400ADAD7A /* Frameworks */,
				924F6D792304696400ADAD7A /* Resources */,
			);
			buildRules = (
			);
			dependencies = (
			);
			name = BankTest;
			productName = BankTest;
			productReference = 924F6D7B2304696400ADAD7A /* BankTest.app */;
			productType = "com.apple.product-type.application";
		};
/* End PBXNativeTarget section */

/* Begin PBXProject section */
		924F6D732304696400ADAD7A /* Project object */ = {
			isa = PBXProject;
			attributes = {
				LastSwiftUpdateCheck = 1020;
				LastUpgradeCheck = 1020;
				ORGANIZATIONNAME = "Денис";
				TargetAttributes = {
					924F6D7A2304696400ADAD7A = {
						CreatedOnToolsVersion = 10.2.1;
					};
				};
			};
			buildConfigurationList = 924F6D762304696400ADAD7A /* Build configuration list for PBXProject "BankTest" */;
			compatibilityVersion = "Xcode 9.3";
			developmentRegion = en;
			hasScannedForEncodings = 0;
			knownRegions = (
				en,
				Base,
			);
			mainGroup = 924F6D722304696400ADAD7A;
			productRefGroup = 924F6D7C2304696400ADAD7A /* Products */;
			projectDirPath = "";
			projectRoot = "";
			targets = (
				924F6D7A2304696400ADAD7A /* BankTest */,
			);
		};
/* End PBXProject section */

/* Begin PBXResourcesBuildPhase section */
		924F6D792304696400ADAD7A /* Resources */ = {
			isa = PBXResourcesBuildPhase;
			buildActionMask = 2147483647;
			files = (
				924F6D892304696900ADAD7A /* LaunchScreen.storyboard in Resources */,
				924F6D862304696900ADAD7A /* Assets.xcassets in Resources */,
				924F6D842304696400ADAD7A /* Main.storyboard in Resources */,
			);
			runOnlyForDeploymentPostprocessing = 0;
		};
/* End PBXResourcesBuildPhase section */

/* Begin PBXSourcesBuildPhase section */
		924F6D772304696400ADAD7A /* Sources */ = {
			isa = PBXSourcesBuildPhase;
			buildActionMask = 2147483647;
			files = (
				924F6D9123046AE300ADAD7A /* SlideView.swift in Sources */,
				925033B52306D3C900DCBC6E /* MainView.swift in Sources */,
				9283DC2B23093CFA000475D4 /* OperationsContainerView.swift in Sources */,
				92D995D82305DB4D009C6006 /* SliderManager.swift in Sources */,
				928C516823086C5400F7F560 /* MessageView.swift in Sources */,
				92129213230B0E1B000C0921 /* TableHeaderView.swift in Sources */,
				928C516223082DEE00F7F560 /* DataProvider.swift in Sources */,
				924F6D812304696400ADAD7A /* MainViewController.swift in Sources */,
				928C515E2306F4B800F7F560 /* ButtonsContainerView.swift in Sources */,
				924F6D7F2304696400ADAD7A /* AppDelegate.swift in Sources */,
				928C51662308364200F7F560 /* OperationCell.swift in Sources */,
			);
			runOnlyForDeploymentPostprocessing = 0;
		};
/* End PBXSourcesBuildPhase section */

/* Begin PBXVariantGroup section */
		924F6D822304696400ADAD7A /* Main.storyboard */ = {
			isa = PBXVariantGroup;
			children = (
				924F6D832304696400ADAD7A /* Base */,
			);
			name = Main.storyboard;
			sourceTree = "<group>";
		};
		924F6D872304696900ADAD7A /* LaunchScreen.storyboard */ = {
			isa = PBXVariantGroup;
			children = (
				924F6D882304696900ADAD7A /* Base */,
			);
			name = LaunchScreen.storyboard;
			sourceTree = "<group>";
		};
/* End PBXVariantGroup section */

/* Begin XCBuildConfiguration section */
		924F6D8B2304696900ADAD7A /* Debug */ = {
			isa = XCBuildConfiguration;
			buildSettings = {
				ALWAYS_SEARCH_USER_PATHS = NO;
				CLANG_ANALYZER_NONNULL = YES;
				CLANG_ANALYZER_NUMBER_OBJECT_CONVERSION = YES_AGGRESSIVE;
				CLANG_CXX_LANGUAGE_STANDARD = "gnu++14";
				CLANG_CXX_LIBRARY = "libc++";
				CLANG_ENABLE_MODULES = YES;
				CLANG_ENABLE_OBJC_ARC = YES;
				CLANG_ENABLE_OBJC_WEAK = YES;
				CLANG_WARN_BLOCK_CAPTURE_AUTORELEASING = YES;
				CLANG_WARN_BOOL_CONVERSION = YES;
				CLANG_WARN_COMMA = YES;
				CLANG_WARN_CONSTANT_CONVERSION = YES;
				CLANG_WARN_DEPRECATED_OBJC_IMPLEMENTATIONS = YES;
				CLANG_WARN_DIRECT_OBJC_ISA_USAGE = YES_ERROR;
				CLANG_WARN_DOCUMENTATION_COMMENTS = YES;
				CLANG_WARN_EMPTY_BODY = YES;
				CLANG_WARN_ENUM_CONVERSION = YES;
				CLANG_WARN_INFINITE_RECURSION = YES;
				CLANG_WARN_INT_CONVERSION = YES;
				CLANG_WARN_NON_LITERAL_NULL_CONVERSION = YES;
				CLANG_WARN_OBJC_IMPLICIT_RETAIN_SELF = YES;
				CLANG_WARN_OBJC_LITERAL_CONVERSION = YES;
				CLANG_WARN_OBJC_ROOT_CLASS = YES_ERROR;
				CLANG_WARN_RANGE_LOOP_ANALYSIS = YES;
				CLANG_WARN_STRICT_PROTOTYPES = YES;
				CLANG_WARN_SUSPICIOUS_MOVE = YES;
				CLANG_WARN_UNGUARDED_AVAILABILITY = YES_AGGRESSIVE;
				CLANG_WARN_UNREACHABLE_CODE = YES;
				CLANG_WARN__DUPLICATE_METHOD_MATCH = YES;
				CODE_SIGN_IDENTITY = "iPhone Developer";
				COPY_PHASE_STRIP = NO;
				DEBUG_INFORMATION_FORMAT = dwarf;
				ENABLE_STRICT_OBJC_MSGSEND = YES;
				ENABLE_TESTABILITY = YES;
				GCC_C_LANGUAGE_STANDARD = gnu11;
				GCC_DYNAMIC_NO_PIC = NO;
				GCC_NO_COMMON_BLOCKS = YES;
				GCC_OPTIMIZATION_LEVEL = 0;
				GCC_PREPROCESSOR_DEFINITIONS = (
					"DEBUG=1",
					"$(inherited)",
				);
				GCC_WARN_64_TO_32_BIT_CONVERSION = YES;
				GCC_WARN_ABOUT_RETURN_TYPE = YES_ERROR;
				GCC_WARN_UNDECLARED_SELECTOR = YES;
				GCC_WARN_UNINITIALIZED_AUTOS = YES_AGGRESSIVE;
				GCC_WARN_UNUSED_FUNCTION = YES;
				GCC_WARN_UNUSED_VARIABLE = YES;
				IPHONEOS_DEPLOYMENT_TARGET = 12.2;
				MTL_ENABLE_DEBUG_INFO = INCLUDE_SOURCE;
				MTL_FAST_MATH = YES;
				ONLY_ACTIVE_ARCH = YES;
				SDKROOT = iphoneos;
				SWIFT_ACTIVE_COMPILATION_CONDITIONS = DEBUG;
				SWIFT_OPTIMIZATION_LEVEL = "-Onone";
			};
			name = Debug;
		};
		924F6D8C2304696900ADAD7A /* Release */ = {
			isa = XCBuildConfiguration;
			buildSettings = {
				ALWAYS_SEARCH_USER_PATHS = NO;
				CLANG_ANALYZER_NONNULL = YES;
				CLANG_ANALYZER_NUMBER_OBJECT_CONVERSION = YES_AGGRESSIVE;
				CLANG_CXX_LANGUAGE_STANDARD = "gnu++14";
				CLANG_CXX_LIBRARY = "libc++";
				CLANG_ENABLE_MODULES = YES;
				CLANG_ENABLE_OBJC_ARC = YES;
				CLANG_ENABLE_OBJC_WEAK = YES;
				CLANG_WARN_BLOCK_CAPTURE_AUTORELEASING = YES;
				CLANG_WARN_BOOL_CONVERSION = YES;
				CLANG_WARN_COMMA = YES;
				CLANG_WARN_CONSTANT_CONVERSION = YES;
				CLANG_WARN_DEPRECATED_OBJC_IMPLEMENTATIONS = YES;
				CLANG_WARN_DIRECT_OBJC_ISA_USAGE = YES_ERROR;
				CLANG_WARN_DOCUMENTATION_COMMENTS = YES;
				CLANG_WARN_EMPTY_BODY = YES;
				CLANG_WARN_ENUM_CONVERSION = YES;
				CLANG_WARN_INFINITE_RECURSION = YES;
				CLANG_WARN_INT_CONVERSION = YES;
				CLANG_WARN_NON_LITERAL_NULL_CONVERSION = YES;
				CLANG_WARN_OBJC_IMPLICIT_RETAIN_SELF = YES;
				CLANG_WARN_OBJC_LITERAL_CONVERSION = YES;
				CLANG_WARN_OBJC_ROOT_CLASS = YES_ERROR;
				CLANG_WARN_RANGE_LOOP_ANALYSIS = YES;
				CLANG_WARN_STRICT_PROTOTYPES = YES;
				CLANG_WARN_SUSPICIOUS_MOVE = YES;
				CLANG_WARN_UNGUARDED_AVAILABILITY = YES_AGGRESSIVE;
				CLANG_WARN_UNREACHABLE_CODE = YES;
				CLANG_WARN__DUPLICATE_METHOD_MATCH = YES;
				CODE_SIGN_IDENTITY = "iPhone Developer";
				COPY_PHASE_STRIP = NO;
				DEBUG_INFORMATION_FORMAT = "dwarf-with-dsym";
				ENABLE_NS_ASSERTIONS = NO;
				ENABLE_STRICT_OBJC_MSGSEND = YES;
				GCC_C_LANGUAGE_STANDARD = gnu11;
				GCC_NO_COMMON_BLOCKS = YES;
				GCC_WARN_64_TO_32_BIT_CONVERSION = YES;
				GCC_WARN_ABOUT_RETURN_TYPE = YES_ERROR;
				GCC_WARN_UNDECLARED_SELECTOR = YES;
				GCC_WARN_UNINITIALIZED_AUTOS = YES_AGGRESSIVE;
				GCC_WARN_UNUSED_FUNCTION = YES;
				GCC_WARN_UNUSED_VARIABLE = YES;
				IPHONEOS_DEPLOYMENT_TARGET = 12.2;
				MTL_ENABLE_DEBUG_INFO = NO;
				MTL_FAST_MATH = YES;
				SDKROOT = iphoneos;
				SWIFT_COMPILATION_MODE = wholemodule;
				SWIFT_OPTIMIZATION_LEVEL = "-O";
				VALIDATE_PRODUCT = YES;
			};
			name = Release;
		};
		924F6D8E2304696900ADAD7A /* Debug */ = {
			isa = XCBuildConfiguration;
			buildSettings = {
				ASSETCATALOG_COMPILER_APPICON_NAME = AppIcon;
				CODE_SIGN_STYLE = Automatic;
				INFOPLIST_FILE = BankTest/Info.plist;
				LD_RUNPATH_SEARCH_PATHS = (
					"$(inherited)",
					"@executable_path/Frameworks",
				);
				PRODUCT_BUNDLE_IDENTIFIER = hello.BankTest;
				PRODUCT_NAME = "$(TARGET_NAME)";
				SWIFT_VERSION = 5.0;
				TARGETED_DEVICE_FAMILY = "1,2";
			};
			name = Debug;
		};
		924F6D8F2304696900ADAD7A /* Release */ = {
			isa = XCBuildConfiguration;
			buildSettings = {
				ASSETCATALOG_COMPILER_APPICON_NAME = AppIcon;
				CODE_SIGN_STYLE = Automatic;
				INFOPLIST_FILE = BankTest/Info.plist;
				LD_RUNPATH_SEARCH_PATHS = (
					"$(inherited)",
					"@executable_path/Frameworks",
				);
				PRODUCT_BUNDLE_IDENTIFIER = hello.BankTest;
				PRODUCT_NAME = "$(TARGET_NAME)";
				SWIFT_VERSION = 5.0;
				TARGETED_DEVICE_FAMILY = "1,2";
			};
			name = Release;
		};
/* End XCBuildConfiguration section */

/* Begin XCConfigurationList section */
		924F6D762304696400ADAD7A /* Build configuration list for PBXProject "BankTest" */ = {
			isa = XCConfigurationList;
			buildConfigurations = (
				924F6D8B2304696900ADAD7A /* Debug */,
				924F6D8C2304696900ADAD7A /* Release */,
			);
			defaultConfigurationIsVisible = 0;
			defaultConfigurationName = Release;
		};
		924F6D8D2304696900ADAD7A /* Build configuration list for PBXNativeTarget "BankTest" */ = {
			isa = XCConfigurationList;
			buildConfigurations = (
				924F6D8E2304696900ADAD7A /* Debug */,
				924F6D8F2304696900ADAD7A /* Release */,
			);
			defaultConfigurationIsVisible = 0;
			defaultConfigurationName = Release;
		};
/* End XCConfigurationList section */
	};
	rootObject = 924F6D732304696400ADAD7A /* Project object */;
}
